<?xml version="1.0" encoding="utf-8"?>
<Project ToolsVersion="4.0" xmlns="http://schemas.microsoft.com/developer/msbuild/2003">
  <ItemGroup>
    <Filter Include="Quelldateien">
      <UniqueIdentifier>{4FC737F1-C7A5-4376-A066-2A32D752A2FF}</UniqueIdentifier>
      <Extensions>cpp;c;cc;cxx;def;odl;idl;hpj;bat;asm;asmx</Extensions>
    </Filter>
    <Filter Include="Headerdateien">
      <UniqueIdentifier>{93995380-89BD-4b04-88EB-625FBE52EBFB}</UniqueIdentifier>
      <Extensions>h;hh;hpp;hxx;hm;inl;inc;ipp;xsd</Extensions>
    </Filter>
    <Filter Include="Ressourcendateien">
      <UniqueIdentifier>{67DA6AB6-F800-4c08-8B7A-83BB121AAD01}</UniqueIdentifier>
      <Extensions>rc;ico;cur;bmp;dlg;rc2;rct;bin;rgs;gif;jpg;jpeg;jpe;resx;tiff;tif;png;wav;mfcribbon-ms</Extensions>
    </Filter>
    <Filter Include="Quelldateien\Icons">
      <UniqueIdentifier>{3cf10c63-ee1e-4079-8d31-5012f2c38dc5}</UniqueIdentifier>
    </Filter>
  </ItemGroup>
  <ItemGroup>
    <ClInclude Include="Angestellter.h">
      <Filter>Headerdateien</Filter>
    </ClInclude>
    <ClInclude Include="Vorgesetzter.h">
      <Filter>Headerdateien</Filter>
    </ClInclude>
    <ClInclude Include="Mitarbeiter.h">
      <Filter>Headerdateien</Filter>
    </ClInclude>
    <ClInclude Include="Abteilung.h">
      <Filter>Headerdateien</Filter>
    </ClInclude>
    <ClInclude Include="Unternehmen.h">
      <Filter>Headerdateien</Filter>
    </ClInclude>
    <ClInclude Include="Ereignis.h">
      <Filter>Headerdateien</Filter>
    </ClInclude>
    <ClInclude Include="LogInFenster.h">
      <Filter>Headerdateien</Filter>
    </ClInclude>
    <ClInclude Include="resource.h">
      <Filter>Headerdateien</Filter>
    </ClInclude>
  </ItemGroup>
  <ItemGroup>
    <ClCompile Include="Angestellter.cpp">
      <Filter>Quelldateien</Filter>
    </ClCompile>
    <ClCompile Include="Vorgesetzter.cpp">
      <Filter>Quelldateien</Filter>
    </ClCompile>
    <ClCompile Include="Mitarbeiter.cpp">
      <Filter>Quelldateien</Filter>
    </ClCompile>
    <ClCompile Include="Abteilung.cpp">
      <Filter>Quelldateien</Filter>
    </ClCompile>
    <ClCompile Include="Unternehmen.cpp">
      <Filter>Quelldateien</Filter>
    </ClCompile>
    <ClCompile Include="Ereignis.cpp">
      <Filter>Quelldateien</Filter>
    </ClCompile>
    <ClCompile Include="LogInFenster.cpp">
      <Filter>Quelldateien</Filter>
    </ClCompile>
  </ItemGroup>
  <ItemGroup>
    <ResourceCompile Include="Zeiterfassungssystem.rc">
      <Filter>Ressourcendateien</Filter>
    </ResourceCompile>
  </ItemGroup>
  <ItemGroup>
    <Image Include="Images\iconDarthVader.ico">
      <Filter>Quelldateien\Icons</Filter>
    </Image>
    <Image Include="Images\addIcon.jpg">
      <Filter>Quelldateien\Icons</Filter>
    </Image>
    <Image Include="Images\gehenIcon.jpg">
      <Filter>Quelldateien\Icons</Filter>
    </Image>
    <Image Include="Images\imperiumSchriftzug2.jpg">
      <Filter>Quelldateien\Icons</Filter>
    </Image>
    <Image Include="Images\kalenderIcon.jpg">
      <Filter>Quelldateien\Icons</Filter>
    </Image>
    <Image Include="Images\kommenIcon.jpg">
      <Filter>Quelldateien\Icons</Filter>
    </Image>
    <Image Include="Images\pauseIcon.jpg">
      <Filter>Quelldateien\Icons</Filter>
    </Image>
    <Image Include="Images\pauseIcon2.jpg">
      <Filter>Quelldateien\Icons</Filter>
    </Image>
    <Image Include="Images\pauseIcon3.jpg">
      <Filter>Quelldateien\Icons</Filter>
    </Image>
    <Image Include="Images\PersonalIcon2.jpg">
      <Filter>Quelldateien\Icons</Filter>
    </Image>
    <Image Include="Images\statistikIcon.jpg">
      <Filter>Quelldateien\Icons</Filter>
    </Image>
    <Image Include="Images\urlaubIcon2.jpg">
      <Filter>Quelldateien\Icons</Filter>
    </Image>
  </ItemGroup>
</Project>