<?xml version="1.0" encoding="utf-8"?>
<Project ToolsVersion="4.0" xmlns="http://schemas.microsoft.com/developer/msbuild/2003">
  <ItemGroup>
    <Filter Include="Quelldateien">
      <UniqueIdentifier>{4FC737F1-C7A5-4376-A066-2A32D752A2FF}</UniqueIdentifier>
      <Extensions>cpp;c;cc;cxx;def;odl;idl;hpj;bat;asm;asmx</Extensions>
    </Filter>
    <Filter Include="Headerdateien">
      <UniqueIdentifier>{93995380-89BD-4b04-88EB-625FBE52EBFB}</UniqueIdentifier>
      <Extensions>h;hh;hpp;hxx;hm;inl;inc;ipp;xsd</Extensions>
    </Filter>
    <Filter Include="Ressourcendateien">
      <UniqueIdentifier>{67DA6AB6-F800-4c08-8B7A-83BB121AAD01}</UniqueIdentifier>
      <Extensions>rc;ico;cur;bmp;dlg;rc2;rct;bin;rgs;gif;jpg;jpeg;jpe;resx;tiff;tif;png;wav;mfcribbon-ms</Extensions>
    </Filter>
  </ItemGroup>
  <ItemGroup>
    <ClInclude Include="Angestellter.h">
      <Filter>Headerdateien</Filter>
    </ClInclude>
    <ClInclude Include="Vorgesetzter.h">
      <Filter>Headerdateien</Filter>
    </ClInclude>
    <ClInclude Include="Mitarbeiter.h">
      <Filter>Headerdateien</Filter>
    </ClInclude>
    <ClInclude Include="Abteilung.h">
      <Filter>Headerdateien</Filter>
    </ClInclude>
    <ClInclude Include="Unternehmen.h">
      <Filter>Headerdateien</Filter>
    </ClInclude>
    <ClInclude Include="Ereignis.h">
      <Filter>Headerdateien</Filter>
    </ClInclude>
    <ClInclude Include="LogInFenster.h">
      <Filter>Headerdateien</Filter>
    </ClInclude>
    <ClInclude Include="resource.h">
      <Filter>Headerdateien</Filter>
    </ClInclude>
    <ClInclude Include="StartseiteMitarbeiter.h">
      <Filter>Headerdateien</Filter>
    </ClInclude>
    <ClInclude Include="PasswortAendernFenster.h">
      <Filter>Headerdateien</Filter>
    </ClInclude>
    <ClInclude Include="StatistikFenster.h">
      <Filter>Headerdateien</Filter>
    </ClInclude>
    <ClInclude Include="AenderungsantragsFenster.h">
      <Filter>Headerdateien</Filter>
    </ClInclude>
    <ClInclude Include="Aenderungsantrag.h">
      <Filter>Headerdateien</Filter>
    </ClInclude>
    <ClInclude Include="RegistrierungsFenster.h">
      <Filter>Headerdateien</Filter>
    </ClInclude>
    <ClInclude Include="StartseiteVorgesetzte.h">
      <Filter>Headerdateien</Filter>
    </ClInclude>
    <ClInclude Include="UrlaubsFenster.h">
      <Filter>Headerdateien</Filter>
    </ClInclude>
    <ClInclude Include="Urlaubsantrag.h">
      <Filter>Headerdateien</Filter>
    </ClInclude>
    <ClInclude Include="UrlaubsbearbeitungsFenster.h">
      <Filter>Headerdateien</Filter>
    </ClInclude>
    <ClInclude Include="PersonalFenster.h">
      <Filter>Headerdateien</Filter>
    </ClInclude>
    <ClInclude Include="StundenStatistikFenster.h">
      <Filter>Headerdateien</Filter>
    </ClInclude>
    <ClInclude Include="BearbeitungsFenster.h">
      <Filter>Headerdateien</Filter>
    </ClInclude>
    <ClInclude Include="KalenderFenster.h">
      <Filter>Headerdateien</Filter>
    </ClInclude>
  </ItemGroup>
  <ItemGroup>
    <ClCompile Include="Angestellter.cpp">
      <Filter>Quelldateien</Filter>
    </ClCompile>
    <ClCompile Include="Vorgesetzter.cpp">
      <Filter>Quelldateien</Filter>
    </ClCompile>
    <ClCompile Include="Mitarbeiter.cpp">
      <Filter>Quelldateien</Filter>
    </ClCompile>
    <ClCompile Include="Abteilung.cpp">
      <Filter>Quelldateien</Filter>
    </ClCompile>
    <ClCompile Include="Unternehmen.cpp">
      <Filter>Quelldateien</Filter>
    </ClCompile>
    <ClCompile Include="Ereignis.cpp">
      <Filter>Quelldateien</Filter>
    </ClCompile>
    <ClCompile Include="LogInFenster.cpp">
      <Filter>Quelldateien</Filter>
    </ClCompile>
    <ClCompile Include="StartseiteMitarbeiter.cpp">
      <Filter>Quelldateien</Filter>
    </ClCompile>
    <ClCompile Include="PasswortAendernFenster.cpp">
      <Filter>Quelldateien</Filter>
    </ClCompile>
    <ClCompile Include="StatistikFenster.cpp">
      <Filter>Quelldateien</Filter>
    </ClCompile>
    <ClCompile Include="AenderungsantragsFenster.cpp">
      <Filter>Quelldateien</Filter>
    </ClCompile>
    <ClCompile Include="Aenderungsantrag.cpp">
      <Filter>Quelldateien</Filter>
    </ClCompile>
    <ClCompile Include="RegistrierungsFenster.cpp">
      <Filter>Quelldateien</Filter>
    </ClCompile>
    <ClCompile Include="StartseiteVorgesetzte.cpp">
      <Filter>Quelldateien</Filter>
    </ClCompile>
    <ClCompile Include="UrlaubsFenster.cpp">
      <Filter>Quelldateien</Filter>
    </ClCompile>
    <ClCompile Include="Urlaubsantrag.cpp">
      <Filter>Quelldateien</Filter>
    </ClCompile>
    <ClCompile Include="UrlaubsbearbeitungsFenster.cpp">
      <Filter>Quelldateien</Filter>
    </ClCompile>
    <ClCompile Include="PersonalFenster.cpp">
      <Filter>Quelldateien</Filter>
    </ClCompile>
    <ClCompile Include="StundenStatistikFenster.cpp">
      <Filter>Quelldateien</Filter>
    </ClCompile>
    <ClCompile Include="BearbeitungsFenster.cpp">
      <Filter>Quelldateien</Filter>
    </ClCompile>
    <ClCompile Include="KalenderFenster.cpp">
      <Filter>Quelldateien</Filter>
    </ClCompile>
  </ItemGroup>
  <ItemGroup>
    <EmbeddedResource Include="LogInFenster.resx">
      <Filter>Ressourcendateien</Filter>
    </EmbeddedResource>
    <EmbeddedResource Include="StartseiteMitarbeiter.resx">
      <Filter>Ressourcendateien</Filter>
    </EmbeddedResource>
    <EmbeddedResource Include="StatistikFenster.resx">
      <Filter>Ressourcendateien</Filter>
    </EmbeddedResource>
    <EmbeddedResource Include="RegistrierungsFenster.resx">
      <Filter>Ressourcendateien</Filter>
    </EmbeddedResource>
    <EmbeddedResource Include="StartseiteVorgesetzte.resx">
      <Filter>Ressourcendateien</Filter>
    </EmbeddedResource>
    <EmbeddedResource Include="PersonalFenster.resx">
      <Filter>Ressourcendateien</Filter>
    </EmbeddedResource>
    <EmbeddedResource Include="StundenStatistikFenster.resx">
      <Filter>Ressourcendateien</Filter>
    </EmbeddedResource>
    <EmbeddedResource Include="BearbeitungsFenster.resx">
      <Filter>Ressourcendateien</Filter>
    </EmbeddedResource>
  </ItemGroup>
  <ItemGroup>
    <EmbeddedResource Include="LogInFenster.resx">
      <Filter>Ressourcendateien</Filter>
    </EmbeddedResource>
  </ItemGroup>
</Project>