<?xml version="1.0" encoding="utf-8"?>
<Project ToolsVersion="4.0" xmlns="http://schemas.microsoft.com/developer/msbuild/2003">
  <ItemGroup>
    <Filter Include="Quelldateien">
      <UniqueIdentifier>{4FC737F1-C7A5-4376-A066-2A32D752A2FF}</UniqueIdentifier>
      <Extensions>cpp;c;cc;cxx;def;odl;idl;hpj;bat;asm;asmx</Extensions>
    </Filter>
    <Filter Include="Headerdateien">
      <UniqueIdentifier>{93995380-89BD-4b04-88EB-625FBE52EBFB}</UniqueIdentifier>
      <Extensions>h;hh;hpp;hxx;hm;inl;inc;ipp;xsd</Extensions>
    </Filter>
    <Filter Include="Ressourcendateien">
      <UniqueIdentifier>{67DA6AB6-F800-4c08-8B7A-83BB121AAD01}</UniqueIdentifier>
      <Extensions>rc;ico;cur;bmp;dlg;rc2;rct;bin;rgs;gif;jpg;jpeg;jpe;resx;tiff;tif;png;wav;mfcribbon-ms</Extensions>
    </Filter>
    <Filter Include="Quelldateien\Sounds">
      <UniqueIdentifier>{b611aee9-02f6-46a9-9d10-b05fb8d59279}</UniqueIdentifier>
    </Filter>
    <Filter Include="Quelldateien\Images">
      <UniqueIdentifier>{50939e26-2a07-43c4-9692-8326c5bd8c30}</UniqueIdentifier>
    </Filter>
  </ItemGroup>
  <ItemGroup>
    <ClInclude Include="Angestellter.h">
      <Filter>Headerdateien</Filter>
    </ClInclude>
    <ClInclude Include="Vorgesetzter.h">
      <Filter>Headerdateien</Filter>
    </ClInclude>
    <ClInclude Include="Mitarbeiter.h">
      <Filter>Headerdateien</Filter>
    </ClInclude>
    <ClInclude Include="Abteilung.h">
      <Filter>Headerdateien</Filter>
    </ClInclude>
    <ClInclude Include="Unternehmen.h">
      <Filter>Headerdateien</Filter>
    </ClInclude>
    <ClInclude Include="Ereignis.h">
      <Filter>Headerdateien</Filter>
    </ClInclude>
    <ClInclude Include="LogInFenster.h">
      <Filter>Headerdateien</Filter>
    </ClInclude>
    <ClInclude Include="resource.h">
      <Filter>Headerdateien</Filter>
    </ClInclude>
    <ClInclude Include="StartseiteMitarbeiter.h">
      <Filter>Headerdateien</Filter>
    </ClInclude>
    <ClInclude Include="PasswortAendernFenster.h">
      <Filter>Headerdateien</Filter>
    </ClInclude>
    <ClInclude Include="AenderungsantragsFenster.h">
      <Filter>Headerdateien</Filter>
    </ClInclude>
    <ClInclude Include="Aenderungsantrag.h">
      <Filter>Headerdateien</Filter>
    </ClInclude>
    <ClInclude Include="RegistrierungsFenster.h">
      <Filter>Headerdateien</Filter>
    </ClInclude>
    <ClInclude Include="StartseiteVorgesetzte.h">
      <Filter>Headerdateien</Filter>
    </ClInclude>
    <ClInclude Include="UrlaubsFenster.h">
      <Filter>Headerdateien</Filter>
    </ClInclude>
    <ClInclude Include="Urlaubsantrag.h">
      <Filter>Headerdateien</Filter>
    </ClInclude>
    <ClInclude Include="UrlaubsbearbeitungsFenster.h">
      <Filter>Headerdateien</Filter>
    </ClInclude>
    <ClInclude Include="PersonalFenster.h">
      <Filter>Headerdateien</Filter>
    </ClInclude>
    <ClInclude Include="StundenStatistikFenster.h">
      <Filter>Headerdateien</Filter>
    </ClInclude>
    <ClInclude Include="BearbeitungsFenster.h">
      <Filter>Headerdateien</Filter>
    </ClInclude>
    <ClInclude Include="KalenderFenster.h">
      <Filter>Headerdateien</Filter>
    </ClInclude>
    <ClInclude Include="AenderungsbearbeitungsFenster.h">
      <Filter>Headerdateien</Filter>
    </ClInclude>
    <ClInclude Include="AuswahlFenster.h">
      <Filter>Headerdateien</Filter>
    </ClInclude>
    <ClInclude Include="FeiertagsFenster.h">
      <Filter>Headerdateien</Filter>
    </ClInclude>
    <ClInclude Include="FreierTag.h">
      <Filter>Headerdateien</Filter>
    </ClInclude>
    <ClInclude Include="Kalender.h">
      <Filter>Headerdateien</Filter>
    </ClInclude>
    <ClInclude Include="PersonalFensterMitarbeiter.h">
      <Filter>Headerdateien</Filter>
    </ClInclude>
    <ClInclude Include="UrlaubLoeschenFenster.h">
      <Filter>Headerdateien</Filter>
    </ClInclude>
    <ClInclude Include="FreierTagComparer.h">
      <Filter>Headerdateien</Filter>
    </ClInclude>
    <ClInclude Include="BegruessungsFenster.h">
      <Filter>Headerdateien</Filter>
    </ClInclude>
    <ClInclude Include="VorgesetztenAuswahlFenster.h">
      <Filter>Headerdateien</Filter>
    </ClInclude>
    <ClInclude Include="AbteilungLoeschenFenster.h">
      <Filter>Headerdateien</Filter>
    </ClInclude>
  </ItemGroup>
  <ItemGroup>
    <ClCompile Include="Angestellter.cpp">
      <Filter>Quelldateien</Filter>
    </ClCompile>
    <ClCompile Include="Vorgesetzter.cpp">
      <Filter>Quelldateien</Filter>
    </ClCompile>
    <ClCompile Include="Mitarbeiter.cpp">
      <Filter>Quelldateien</Filter>
    </ClCompile>
    <ClCompile Include="Abteilung.cpp">
      <Filter>Quelldateien</Filter>
    </ClCompile>
    <ClCompile Include="Unternehmen.cpp">
      <Filter>Quelldateien</Filter>
    </ClCompile>
    <ClCompile Include="Ereignis.cpp">
      <Filter>Quelldateien</Filter>
    </ClCompile>
    <ClCompile Include="LogInFenster.cpp">
      <Filter>Quelldateien</Filter>
    </ClCompile>
    <ClCompile Include="StartseiteMitarbeiter.cpp">
      <Filter>Quelldateien</Filter>
    </ClCompile>
    <ClCompile Include="PasswortAendernFenster.cpp">
      <Filter>Quelldateien</Filter>
    </ClCompile>
    <ClCompile Include="AenderungsantragsFenster.cpp">
      <Filter>Quelldateien</Filter>
    </ClCompile>
    <ClCompile Include="Aenderungsantrag.cpp">
      <Filter>Quelldateien</Filter>
    </ClCompile>
    <ClCompile Include="RegistrierungsFenster.cpp">
      <Filter>Quelldateien</Filter>
    </ClCompile>
    <ClCompile Include="StartseiteVorgesetzte.cpp">
      <Filter>Quelldateien</Filter>
    </ClCompile>
    <ClCompile Include="UrlaubsFenster.cpp">
      <Filter>Quelldateien</Filter>
    </ClCompile>
    <ClCompile Include="Urlaubsantrag.cpp">
      <Filter>Quelldateien</Filter>
    </ClCompile>
    <ClCompile Include="UrlaubsbearbeitungsFenster.cpp">
      <Filter>Quelldateien</Filter>
    </ClCompile>
    <ClCompile Include="PersonalFenster.cpp">
      <Filter>Quelldateien</Filter>
    </ClCompile>
    <ClCompile Include="StundenStatistikFenster.cpp">
      <Filter>Quelldateien</Filter>
    </ClCompile>
    <ClCompile Include="BearbeitungsFenster.cpp">
      <Filter>Quelldateien</Filter>
    </ClCompile>
    <ClCompile Include="KalenderFenster.cpp">
      <Filter>Quelldateien</Filter>
    </ClCompile>
    <ClCompile Include="AenderungsbearbeitungsFenster.cpp">
      <Filter>Quelldateien</Filter>
    </ClCompile>
    <ClCompile Include="AuswahlFenster.cpp">
      <Filter>Quelldateien</Filter>
    </ClCompile>
    <ClCompile Include="FeiertagsFenster.cpp">
      <Filter>Quelldateien</Filter>
    </ClCompile>
    <ClCompile Include="FreierTag.cpp">
      <Filter>Quelldateien</Filter>
    </ClCompile>
    <ClCompile Include="Kalender.cpp">
      <Filter>Quelldateien</Filter>
    </ClCompile>
    <ClCompile Include="PersonalFensterMitarbeiter.cpp">
      <Filter>Quelldateien</Filter>
    </ClCompile>
    <ClCompile Include="UrlaubLoeschenFenster.cpp">
      <Filter>Quelldateien</Filter>
    </ClCompile>
    <ClCompile Include="FreierTagComparer.cpp">
      <Filter>Quelldateien</Filter>
    </ClCompile>
    <ClCompile Include="BegruessungsFenster.cpp">
      <Filter>Quelldateien</Filter>
    </ClCompile>
    <ClCompile Include="VorgesetztenAuswahlFenster.cpp">
      <Filter>Quelldateien</Filter>
    </ClCompile>
    <ClCompile Include="AbteilungLoeschenFenster.cpp">
      <Filter>Quelldateien</Filter>
    </ClCompile>
  </ItemGroup>
  <ItemGroup>
    <EmbeddedResource Include="LogInFenster.resx">
      <Filter>Ressourcendateien</Filter>
    </EmbeddedResource>
    <EmbeddedResource Include="StartseiteMitarbeiter.resx">
      <Filter>Ressourcendateien</Filter>
    </EmbeddedResource>
    <EmbeddedResource Include="RegistrierungsFenster.resx">
      <Filter>Ressourcendateien</Filter>
    </EmbeddedResource>
    <EmbeddedResource Include="StartseiteVorgesetzte.resx">
      <Filter>Ressourcendateien</Filter>
    </EmbeddedResource>
    <EmbeddedResource Include="PersonalFenster.resx">
      <Filter>Ressourcendateien</Filter>
    </EmbeddedResource>
    <EmbeddedResource Include="StundenStatistikFenster.resx">
      <Filter>Ressourcendateien</Filter>
    </EmbeddedResource>
    <EmbeddedResource Include="BearbeitungsFenster.resx">
      <Filter>Ressourcendateien</Filter>
    </EmbeddedResource>
    <EmbeddedResource Include="KalenderFenster.resx">
      <Filter>Ressourcendateien</Filter>
    </EmbeddedResource>
    <EmbeddedResource Include="AenderungsbearbeitungsFenster.resx">
      <Filter>Ressourcendateien</Filter>
    </EmbeddedResource>
    <EmbeddedResource Include="UrlaubsbearbeitungsFenster.resx">
      <Filter>Ressourcendateien</Filter>
    </EmbeddedResource>
    <EmbeddedResource Include="UrlaubsFenster.resx">
      <Filter>Ressourcendateien</Filter>
    </EmbeddedResource>
    <EmbeddedResource Include="AuswahlFenster.resx">
      <Filter>Ressourcendateien</Filter>
    </EmbeddedResource>
    <EmbeddedResource Include="FeiertagsFenster.resx">
      <Filter>Ressourcendateien</Filter>
    </EmbeddedResource>
    <EmbeddedResource Include="AenderungsantragsFenster.resx">
      <Filter>Ressourcendateien</Filter>
    </EmbeddedResource>
    <EmbeddedResource Include="PersonalFensterMitarbeiter.resx">
      <Filter>Ressourcendateien</Filter>
    </EmbeddedResource>
    <EmbeddedResource Include="UrlaubLoeschenFenster.resx">
      <Filter>Ressourcendateien</Filter>
    </EmbeddedResource>
    <EmbeddedResource Include="BegruessungsFenster.resx">
      <Filter>Ressourcendateien</Filter>
    </EmbeddedResource>
    <EmbeddedResource Include="VorgesetztenAuswahlFenster.resx">
      <Filter>Ressourcendateien</Filter>
    </EmbeddedResource>
    <EmbeddedResource Include="AbteilungLoeschenFenster.resx">
      <Filter>Ressourcendateien</Filter>
    </EmbeddedResource>
  </ItemGroup>
  <ItemGroup>
    <EmbeddedResource Include="LogInFenster.resx">
      <Filter>Ressourcendateien</Filter>
    </EmbeddedResource>
  </ItemGroup>
  <ItemGroup>
    <Media Include="Sounds\lacucarachaKurz.wav">
      <Filter>Quelldateien\Sounds</Filter>
    </Media>
    <Media Include="Sounds\beenden.wav">
      <Filter>Quelldateien\Sounds</Filter>
    </Media>
    <Media Include="Sounds\start.wav">
      <Filter>Quelldateien\Sounds</Filter>
    </Media>
  </ItemGroup>
  <ItemGroup>
    <Image Include="Images\addIcon.jpg">
      <Filter>Quelldateien\Images</Filter>
    </Image>
    <Image Include="Images\editIcon.jpg">
      <Filter>Quelldateien\Images</Filter>
    </Image>
    <Image Include="Images\gehenIcon.jpg">
      <Filter>Quelldateien\Images</Filter>
    </Image>
    <Image Include="Images\kalenderIcon.jpg">
      <Filter>Quelldateien\Images</Filter>
    </Image>
    <Image Include="Images\kommenIcon.jpg">
      <Filter>Quelldateien\Images</Filter>
    </Image>
    <Image Include="Images\LogOutIcon2.jpg">
      <Filter>Quelldateien\Images</Filter>
    </Image>
    <Image Include="Images\pauseIcon.jpg">
      <Filter>Quelldateien\Images</Filter>
    </Image>
    <Image Include="Images\pauseIcon2.jpg">
      <Filter>Quelldateien\Images</Filter>
    </Image>
    <Image Include="Images\pauseIcon3.jpg">
      <Filter>Quelldateien\Images</Filter>
    </Image>
    <Image Include="Images\PersonalIcon2.jpg">
      <Filter>Quelldateien\Images</Filter>
    </Image>
    <Image Include="Images\statistikIcon.jpg">
      <Filter>Quelldateien\Images</Filter>
    </Image>
    <Image Include="Images\urlaubIcon2.jpg">
      <Filter>Quelldateien\Images</Filter>
    </Image>
    <Image Include="Images\statistikIconKlein.jpg">
      <Filter>Quelldateien\Images</Filter>
    </Image>
    <Image Include="Images\urlaubIconKlein.jpg">
      <Filter>Quelldateien\Images</Filter>
    </Image>
    <Image Include="Images\kalenderIconKlein.jpg">
      <Filter>Quelldateien\Images</Filter>
    </Image>
    <Image Include="Images\editIconklein.jpg">
      <Filter>Quelldateien\Images</Filter>
    </Image>
    <Image Include="Images\PersonalIconKlein.jpg">
      <Filter>Quelldateien\Images</Filter>
    </Image>
    <Image Include="Images\TIME_UP.jpg">
      <Filter>Quelldateien\Images</Filter>
    </Image>
    <Image Include="Images\TimeUpIcon.ico">
      <Filter>Quelldateien\Images</Filter>
    </Image>
  </ItemGroup>
</Project>